{
  "name": "blocks",
  "version": "1.0.0",
  "lockfileVersion": 1,
  "requires": true,
  "dependencies": {
    "csv-js": {
      "version": "1.0.0",
      "resolved": "https://registry.npmjs.org/csv-js/-/csv-js-1.0.0.tgz",
      "integrity": "sha1-uq0z4qQmfLO6942meq7zmNUmOek=",
      "dev": true
    },
    "jquery": {
      "version": "3.5.0",
      "resolved": "https://registry.npmjs.org/jquery/-/jquery-3.5.0.tgz",
      "integrity": "sha512-Xb7SVYMvygPxbFMpTFQiHh1J7HClEaThguL15N/Gg37Lri/qKyhRGZYzHRyLH8Stq3Aow0LsHO2O2ci86fCrNQ==",
      "dev": true
    },
    "lodash": {
      "version": "4.17.15",
      "resolved": "https://registry.npmjs.org/lodash/-/lodash-4.17.15.tgz",
      "integrity": "sha512-8xOcRHvCjnocdS5cpwXQXVzmmh5e5+saE2QGoeQmbKmRS6J3VQppPOIt0MnmE+4xlZoumy0GPG0D0MVIQbNA1A==",
      "dev": true
    },
    "magpie-modules": {
      "version": "0.1.2",
      "resolved": "https://registry.npmjs.org/magpie-modules/-/magpie-modules-0.1.2.tgz",
      "integrity": "sha512-iqmvO42HtI+3FIT4GkPZFJgK/p8AkubZ7r5QgWzv/xA8j0Z5XuXkZDVE/t1DBFxUSVQ5VHQ8cKWqYk9NmhZGng==",
      "dev": true,
      "requires": {
        "csv-js": "^1.0.0",
        "jquery": "^3.4.1",
        "lodash": "^4.17.12"
      }
    },
    "matter-js": {
      "version": "0.14.2",
      "resolved": "https://registry.npmjs.org/matter-js/-/matter-js-0.14.2.tgz",
      "integrity": "sha512-3ttVT8cJlQnGRjBa8MyVrGyvGmnmOkZ3YsyemIw+KwEEdVi70mo32FH1Eta2b3GfdDJFbMDRqyMQt4heNKBUEA==",
      "dev": true
    },
    "underscore": {
      "version": "1.9.2",
      "resolved": "https://registry.npmjs.org/underscore/-/underscore-1.9.2.tgz",
      "integrity": "sha512-D39qtimx0c1fI3ya1Lnhk3E9nONswSKhnffBI0gME9C99fYOkNi04xs8K6pePLhvl1frbDemkaBQ5ikWllR2HQ==",
      "dev": true
    },
    "zebra_dialog": {
      "version": "3.0.5",
      "resolved": "https://registry.npmjs.org/zebra_dialog/-/zebra_dialog-3.0.5.tgz",
      "integrity": "sha512-vnHvmIJW38s0DT0ovuf4yFb4I8/MzVTw+ESY/ZqKDws/MbpXEZMhotnPEoLVUVjeMePe685lEC7ikGfYvSKxmQ=="
    }
  }
}
